// !$*UTF8*$!
{
	archiveVersion = 1;
	classes = {
	};
	objectVersion = 50;
	objects = {

/* Begin PBXBuildFile section */
		7251345F23EAF50E002D37CA /* AppDelegate.swift in Sources */ = {isa = PBXBuildFile; fileRef = 7251345E23EAF50E002D37CA /* AppDelegate.swift */; };
		7251346123EAF50E002D37CA /* SceneDelegate.swift in Sources */ = {isa = PBXBuildFile; fileRef = 7251346023EAF50E002D37CA /* SceneDelegate.swift */; };
		7251346323EAF50E002D37CA /* ViewController.swift in Sources */ = {isa = PBXBuildFile; fileRef = 7251346223EAF50E002D37CA /* ViewController.swift */; };
		7251346623EAF50E002D37CA /* Main.storyboard in Resources */ = {isa = PBXBuildFile; fileRef = 7251346423EAF50E002D37CA /* Main.storyboard */; };
		7251346923EAF50E002D37CA /* ToDo.xcdatamodeld in Sources */ = {isa = PBXBuildFile; fileRef = 7251346723EAF50E002D37CA /* ToDo.xcdatamodeld */; };
		7251346B23EAF519002D37CA /* Assets.xcassets in Resources */ = {isa = PBXBuildFile; fileRef = 7251346A23EAF519002D37CA /* Assets.xcassets */; };
		7251346E23EAF519002D37CA /* LaunchScreen.storyboard in Resources */ = {isa = PBXBuildFile; fileRef = 7251346C23EAF519002D37CA /* LaunchScreen.storyboard */; };
		7251347923EAF519002D37CA /* ToDoTests.swift in Sources */ = {isa = PBXBuildFile; fileRef = 7251347823EAF519002D37CA /* ToDoTests.swift */; };
		7251348423EAF519002D37CA /* ToDoUITests.swift in Sources */ = {isa = PBXBuildFile; fileRef = 7251348323EAF519002D37CA /* ToDoUITests.swift */; };
		7251349223EAFB99002D37CA /* AddTaskViewController.swift in Sources */ = {isa = PBXBuildFile; fileRef = 7251349123EAFB99002D37CA /* AddTaskViewController.swift */; };
/* End PBXBuildFile section */

/* Begin PBXContainerItemProxy section */
		7251347523EAF519002D37CA /* PBXContainerItemProxy */ = {
			isa = PBXContainerItemProxy;
			containerPortal = 7251345323EAF50E002D37CA /* Project object */;
			proxyType = 1;
			remoteGlobalIDString = 7251345A23EAF50E002D37CA;
			remoteInfo = ToDo;
		};
		7251348023EAF519002D37CA /* PBXContainerItemProxy */ = {
			isa = PBXContainerItemProxy;
			containerPortal = 7251345323EAF50E002D37CA /* Project object */;
			proxyType = 1;
			remoteGlobalIDString = 7251345A23EAF50E002D37CA;
			remoteInfo = ToDo;
		};
/* End PBXContainerItemProxy section */

/* Begin PBXFileReference section */
		7251345B23EAF50E002D37CA /* ToDo.app */ = {isa = PBXFileReference; explicitFileType = wrapper.application; includeInIndex = 0; path = ToDo.app; sourceTree = BUILT_PRODUCTS_DIR; };
		7251345E23EAF50E002D37CA /* AppDelegate.swift */ = {isa = PBXFileReference; lastKnownFileType = sourcecode.swift; path = AppDelegate.swift; sourceTree = "<group>"; };
		7251346023EAF50E002D37CA /* SceneDelegate.swift */ = {isa = PBXFileReference; lastKnownFileType = sourcecode.swift; path = SceneDelegate.swift; sourceTree = "<group>"; };
		7251346223EAF50E002D37CA /* ViewController.swift */ = {isa = PBXFileReference; lastKnownFileType = sourcecode.swift; path = ViewController.swift; sourceTree = "<group>"; };
		7251346523EAF50E002D37CA /* Base */ = {isa = PBXFileReference; lastKnownFileType = file.storyboard; name = Base; path = Base.lproj/Main.storyboard; sourceTree = "<group>"; };
		7251346823EAF50E002D37CA /* ToDo.xcdatamodel */ = {isa = PBXFileReference; lastKnownFileType = wrapper.xcdatamodel; path = ToDo.xcdatamodel; sourceTree = "<group>"; };
		7251346A23EAF519002D37CA /* Assets.xcassets */ = {isa = PBXFileReference; lastKnownFileType = folder.assetcatalog; path = Assets.xcassets; sourceTree = "<group>"; };
		7251346D23EAF519002D37CA /* Base */ = {isa = PBXFileReference; lastKnownFileType = file.storyboard; name = Base; path = Base.lproj/LaunchScreen.storyboard; sourceTree = "<group>"; };
		7251346F23EAF519002D37CA /* Info.plist */ = {isa = PBXFileReference; lastKnownFileType = text.plist.xml; path = Info.plist; sourceTree = "<group>"; };
		7251347423EAF519002D37CA /* ToDoTests.xctest */ = {isa = PBXFileReference; explicitFileType = wrapper.cfbundle; includeInIndex = 0; path = ToDoTests.xctest; sourceTree = BUILT_PRODUCTS_DIR; };
		7251347823EAF519002D37CA /* ToDoTests.swift */ = {isa = PBXFileReference; lastKnownFileType = sourcecode.swift; path = ToDoTests.swift; sourceTree = "<group>"; };
		7251347A23EAF519002D37CA /* Info.plist */ = {isa = PBXFileReference; lastKnownFileType = text.plist.xml; path = Info.plist; sourceTree = "<group>"; };
		7251347F23EAF519002D37CA /* ToDoUITests.xctest */ = {isa = PBXFileReference; explicitFileType = wrapper.cfbundle; includeInIndex = 0; path = ToDoUITests.xctest; sourceTree = BUILT_PRODUCTS_DIR; };
		7251348323EAF519002D37CA /* ToDoUITests.swift */ = {isa = PBXFileReference; lastKnownFileType = sourcecode.swift; path = ToDoUITests.swift; sourceTree = "<group>"; };
		7251348523EAF519002D37CA /* Info.plist */ = {isa = PBXFileReference; lastKnownFileType = text.plist.xml; path = Info.plist; sourceTree = "<group>"; };
		7251349123EAFB99002D37CA /* AddTaskViewController.swift */ = {isa = PBXFileReference; lastKnownFileType = sourcecode.swift; path = AddTaskViewController.swift; sourceTree = "<group>"; };
/* End PBXFileReference section */

/* Begin PBXFrameworksBuildPhase section */
		7251345823EAF50E002D37CA /* Frameworks */ = {
			isa = PBXFrameworksBuildPhase;
			buildActionMask = 2147483647;
			files = (
			);
			runOnlyForDeploymentPostprocessing = 0;
		};
		7251347123EAF519002D37CA /* Frameworks */ = {
			isa = PBXFrameworksBuildPhase;
			buildActionMask = 2147483647;
			files = (
			);
			runOnlyForDeploymentPostprocessing = 0;
		};
		7251347C23EAF519002D37CA /* Frameworks */ = {
			isa = PBXFrameworksBuildPhase;
			buildActionMask = 2147483647;
			files = (
			);
			runOnlyForDeploymentPostprocessing = 0;
		};
/* End PBXFrameworksBuildPhase section */

/* Begin PBXGroup section */
		7251345223EAF50E002D37CA = {
			isa = PBXGroup;
			children = (
				7251345D23EAF50E002D37CA /* ToDo */,
				7251347723EAF519002D37CA /* ToDoTests */,
				7251348223EAF519002D37CA /* ToDoUITests */,
				7251345C23EAF50E002D37CA /* Products */,
			);
			sourceTree = "<group>";
		};
		7251345C23EAF50E002D37CA /* Products */ = {
			isa = PBXGroup;
			children = (
				7251345B23EAF50E002D37CA /* ToDo.app */,
				7251347423EAF519002D37CA /* ToDoTests.xctest */,
				7251347F23EAF519002D37CA /* ToDoUITests.xctest */,
			);
			name = Products;
			sourceTree = "<group>";
		};
		7251345D23EAF50E002D37CA /* ToDo */ = {
			isa = PBXGroup;
			children = (
				7251345E23EAF50E002D37CA /* AppDelegate.swift */,
				7251346023EAF50E002D37CA /* SceneDelegate.swift */,
				7251346223EAF50E002D37CA /* ViewController.swift */,
				7251349123EAFB99002D37CA /* AddTaskViewController.swift */,
				7251346423EAF50E002D37CA /* Main.storyboard */,
				7251346A23EAF519002D37CA /* Assets.xcassets */,
				7251346C23EAF519002D37CA /* LaunchScreen.storyboard */,
				7251346F23EAF519002D37CA /* Info.plist */,
				7251346723EAF50E002D37CA /* ToDo.xcdatamodeld */,
			);
			path = ToDo;
			sourceTree = "<group>";
		};
		7251347723EAF519002D37CA /* ToDoTests */ = {
			isa = PBXGroup;
			children = (
				7251347823EAF519002D37CA /* ToDoTests.swift */,
				7251347A23EAF519002D37CA /* Info.plist */,
			);
			path = ToDoTests;
			sourceTree = "<group>";
		};
		7251348223EAF519002D37CA /* ToDoUITests */ = {
			isa = PBXGroup;
			children = (
				7251348323EAF519002D37CA /* ToDoUITests.swift */,
				7251348523EAF519002D37CA /* Info.plist */,
			);
			path = ToDoUITests;
			sourceTree = "<group>";
		};
/* End PBXGroup section */

/* Begin PBXNativeTarget section */
		7251345A23EAF50E002D37CA /* ToDo */ = {
			isa = PBXNativeTarget;
			buildConfigurationList = 7251348823EAF519002D37CA /* Build configuration list for PBXNativeTarget "ToDo" */;
			buildPhases = (
				7251345723EAF50E002D37CA /* Sources */,
				7251345823EAF50E002D37CA /* Frameworks */,
				7251345923EAF50E002D37CA /* Resources */,
			);
			buildRules = (
			);
			dependencies = (
			);
			name = ToDo;
			productName = ToDo;
			productReference = 7251345B23EAF50E002D37CA /* ToDo.app */;
			productType = "com.apple.product-type.application";
		};
		7251347323EAF519002D37CA /* ToDoTests */ = {
			isa = PBXNativeTarget;
			buildConfigurationList = 7251348B23EAF519002D37CA /* Build configuration list for PBXNativeTarget "ToDoTests" */;
			buildPhases = (
				7251347023EAF519002D37CA /* Sources */,
				7251347123EAF519002D37CA /* Frameworks */,
				7251347223EAF519002D37CA /* Resources */,
			);
			buildRules = (
			);
			dependencies = (
				7251347623EAF519002D37CA /* PBXTargetDependency */,
			);
			name = ToDoTests;
			productName = ToDoTests;
			productReference = 7251347423EAF519002D37CA /* ToDoTests.xctest */;
			productType = "com.apple.product-type.bundle.unit-test";
		};
		7251347E23EAF519002D37CA /* ToDoUITests */ = {
			isa = PBXNativeTarget;
			buildConfigurationList = 7251348E23EAF519002D37CA /* Build configuration list for PBXNativeTarget "ToDoUITests" */;
			buildPhases = (
				7251347B23EAF519002D37CA /* Sources */,
				7251347C23EAF519002D37CA /* Frameworks */,
				7251347D23EAF519002D37CA /* Resources */,
			);
			buildRules = (
			);
			dependencies = (
				7251348123EAF519002D37CA /* PBXTargetDependency */,
			);
			name = ToDoUITests;
			productName = ToDoUITests;
			productReference = 7251347F23EAF519002D37CA /* ToDoUITests.xctest */;
			productType = "com.apple.product-type.bundle.ui-testing";
		};
/* End PBXNativeTarget section */

/* Begin PBXProject section */
		7251345323EAF50E002D37CA /* Project object */ = {
			isa = PBXProject;
			attributes = {
				LastSwiftUpdateCheck = 1130;
				LastUpgradeCheck = 1130;
				ORGANIZATIONNAME = kazuaki.namiki;
				TargetAttributes = {
					7251345A23EAF50E002D37CA = {
						CreatedOnToolsVersion = 11.3.1;
					};
					7251347323EAF519002D37CA = {
						CreatedOnToolsVersion = 11.3.1;
						TestTargetID = 7251345A23EAF50E002D37CA;
					};
					7251347E23EAF519002D37CA = {
						CreatedOnToolsVersion = 11.3.1;
						TestTargetID = 7251345A23EAF50E002D37CA;
					};
				};
			};
			buildConfigurationList = 7251345623EAF50E002D37CA /* Build configuration list for PBXProject "ToDo" */;
			compatibilityVersion = "Xcode 9.3";
			developmentRegion = en;
			hasScannedForEncodings = 0;
			knownRegions = (
				en,
				Base,
			);
			mainGroup = 7251345223EAF50E002D37CA;
			productRefGroup = 7251345C23EAF50E002D37CA /* Products */;
			projectDirPath = "";
			projectRoot = "";
			targets = (
				7251345A23EAF50E002D37CA /* ToDo */,
				7251347323EAF519002D37CA /* ToDoTests */,
				7251347E23EAF519002D37CA /* ToDoUITests */,
			);
		};
/* End PBXProject section */

/* Begin PBXResourcesBuildPhase section */
		7251345923EAF50E002D37CA /* Resources */ = {
			isa = PBXResourcesBuildPhase;
			buildActionMask = 2147483647;
			files = (
				7251346E23EAF519002D37CA /* LaunchScreen.storyboard in Resources */,
				7251346B23EAF519002D37CA /* Assets.xcassets in Resources */,
				7251346623EAF50E002D37CA /* Main.storyboard in Resources */,
			);
			runOnlyForDeploymentPostprocessing = 0;
		};
		7251347223EAF519002D37CA /* Resources */ = {
			isa = PBXResourcesBuildPhase;
			buildActionMask = 2147483647;
			files = (
			);
			runOnlyForDeploymentPostprocessing = 0;
		};
		7251347D23EAF519002D37CA /* Resources */ = {
			isa = PBXResourcesBuildPhase;
			buildActionMask = 2147483647;
			files = (
			);
			runOnlyForDeploymentPostprocessing = 0;
		};
/* End PBXResourcesBuildPhase section */

/* Begin PBXSourcesBuildPhase section */
		7251345723EAF50E002D37CA /* Sources */ = {
			isa = PBXSourcesBuildPhase;
			buildActionMask = 2147483647;
			files = (
				7251346323EAF50E002D37CA /* ViewController.swift in Sources */,
				7251345F23EAF50E002D37CA /* AppDelegate.swift in Sources */,
				7251346123EAF50E002D37CA /* SceneDelegate.swift in Sources */,
				7251346923EAF50E002D37CA /* ToDo.xcdatamodeld in Sources */,
				7251349223EAFB99002D37CA /* AddTaskViewController.swift in Sources */,
			);
			runOnlyForDeploymentPostprocessing = 0;
		};
		7251347023EAF519002D37CA /* Sources */ = {
			isa = PBXSourcesBuildPhase;
			buildActionMask = 2147483647;
			files = (
				7251347923EAF519002D37CA /* ToDoTests.swift in Sources */,
			);
			runOnlyForDeploymentPostprocessing = 0;
		};
		7251347B23EAF519002D37CA /* Sources */ = {
			isa = PBXSourcesBuildPhase;
			buildActionMask = 2147483647;
			files = (
				7251348423EAF519002D37CA /* ToDoUITests.swift in Sources */,
			);
			runOnlyForDeploymentPostprocessing = 0;
		};
/* End PBXSourcesBuildPhase section */

/* Begin PBXTargetDependency section */
		7251347623EAF519002D37CA /* PBXTargetDependency */ = {
			isa = PBXTargetDependency;
			target = 7251345A23EAF50E002D37CA /* ToDo */;
			targetProxy = 7251347523EAF519002D37CA /* PBXContainerItemProxy */;
		};
		7251348123EAF519002D37CA /* PBXTargetDependency */ = {
			isa = PBXTargetDependency;
			target = 7251345A23EAF50E002D37CA /* ToDo */;
			targetProxy = 7251348023EAF519002D37CA /* PBXContainerItemProxy */;
		};
/* End PBXTargetDependency section */

/* Begin PBXVariantGroup section */
		7251346423EAF50E002D37CA /* Main.storyboard */ = {
			isa = PBXVariantGroup;
			children = (
				7251346523EAF50E002D37CA /* Base */,
			);
			name = Main.storyboard;
			sourceTree = "<group>";
		};
		7251346C23EAF519002D37CA /* LaunchScreen.storyboard */ = {
			isa = PBXVariantGroup;
			children = (
				7251346D23EAF519002D37CA /* Base */,
			);
			name = LaunchScreen.storyboard;
			sourceTree = "<group>";
		};
/* End PBXVariantGroup section */

/* Begin XCBuildConfiguration section */
		7251348623EAF519002D37CA /* Debug */ = {
			isa = XCBuildConfiguration;
			buildSettings = {
				ALWAYS_SEARCH_USER_PATHS = NO;
				CLANG_ANALYZER_NONNULL = YES;
				CLANG_ANALYZER_NUMBER_OBJECT_CONVERSION = YES_AGGRESSIVE;
				CLANG_CXX_LANGUAGE_STANDARD = "gnu++14";
				CLANG_CXX_LIBRARY = "libc++";
				CLANG_ENABLE_MODULES = YES;
				CLANG_ENABLE_OBJC_ARC = YES;
				CLANG_ENABLE_OBJC_WEAK = YES;
				CLANG_WARN_BLOCK_CAPTURE_AUTORELEASING = YES;
				CLANG_WARN_BOOL_CONVERSION = YES;
				CLANG_WARN_COMMA = YES;
				CLANG_WARN_CONSTANT_CONVERSION = YES;
				CLANG_WARN_DEPRECATED_OBJC_IMPLEMENTATIONS = YES;
				CLANG_WARN_DIRECT_OBJC_ISA_USAGE = YES_ERROR;
				CLANG_WARN_DOCUMENTATION_COMMENTS = YES;
				CLANG_WARN_EMPTY_BODY = YES;
				CLANG_WARN_ENUM_CONVERSION = YES;
				CLANG_WARN_INFINITE_RECURSION = YES;
				CLANG_WARN_INT_CONVERSION = YES;
				CLANG_WARN_NON_LITERAL_NULL_CONVERSION = YES;
				CLANG_WARN_OBJC_IMPLICIT_RETAIN_SELF = YES;
				CLANG_WARN_OBJC_LITERAL_CONVERSION = YES;
				CLANG_WARN_OBJC_ROOT_CLASS = YES_ERROR;
				CLANG_WARN_RANGE_LOOP_ANALYSIS = YES;
				CLANG_WARN_STRICT_PROTOTYPES = YES;
				CLANG_WARN_SUSPICIOUS_MOVE = YES;
				CLANG_WARN_UNGUARDED_AVAILABILITY = YES_AGGRESSIVE;
				CLANG_WARN_UNREACHABLE_CODE = YES;
				CLANG_WARN__DUPLICATE_METHOD_MATCH = YES;
				COPY_PHASE_STRIP = NO;
				DEBUG_INFORMATION_FORMAT = dwarf;
				ENABLE_STRICT_OBJC_MSGSEND = YES;
				ENABLE_TESTABILITY = YES;
				GCC_C_LANGUAGE_STANDARD = gnu11;
				GCC_DYNAMIC_NO_PIC = NO;
				GCC_NO_COMMON_BLOCKS = YES;
				GCC_OPTIMIZATION_LEVEL = 0;
				GCC_PREPROCESSOR_DEFINITIONS = (
					"DEBUG=1",
					"$(inherited)",
				);
				GCC_WARN_64_TO_32_BIT_CONVERSION = YES;
				GCC_WARN_ABOUT_RETURN_TYPE = YES_ERROR;
				GCC_WARN_UNDECLARED_SELECTOR = YES;
				GCC_WARN_UNINITIALIZED_AUTOS = YES_AGGRESSIVE;
				GCC_WARN_UNUSED_FUNCTION = YES;
				GCC_WARN_UNUSED_VARIABLE = YES;
				IPHONEOS_DEPLOYMENT_TARGET = 13.2;
				MTL_ENABLE_DEBUG_INFO = INCLUDE_SOURCE;
				MTL_FAST_MATH = YES;
				ONLY_ACTIVE_ARCH = YES;
				SDKROOT = iphoneos;
				SWIFT_ACTIVE_COMPILATION_CONDITIONS = DEBUG;
				SWIFT_OPTIMIZATION_LEVEL = "-Onone";
			};
			name = Debug;
		};
		7251348723EAF519002D37CA /* Release */ = {
			isa = XCBuildConfiguration;
			buildSettings = {
				ALWAYS_SEARCH_USER_PATHS = NO;
				CLANG_ANALYZER_NONNULL = YES;
				CLANG_ANALYZER_NUMBER_OBJECT_CONVERSION = YES_AGGRESSIVE;
				CLANG_CXX_LANGUAGE_STANDARD = "gnu++14";
				CLANG_CXX_LIBRARY = "libc++";
				CLANG_ENABLE_MODULES = YES;
				CLANG_ENABLE_OBJC_ARC = YES;
				CLANG_ENABLE_OBJC_WEAK = YES;
				CLANG_WARN_BLOCK_CAPTURE_AUTORELEASING = YES;
				CLANG_WARN_BOOL_CONVERSION = YES;
				CLANG_WARN_COMMA = YES;
				CLANG_WARN_CONSTANT_CONVERSION = YES;
				CLANG_WARN_DEPRECATED_OBJC_IMPLEMENTATIONS = YES;
				CLANG_WARN_DIRECT_OBJC_ISA_USAGE = YES_ERROR;
				CLANG_WARN_DOCUMENTATION_COMMENTS = YES;
				CLANG_WARN_EMPTY_BODY = YES;
				CLANG_WARN_ENUM_CONVERSION = YES;
				CLANG_WARN_INFINITE_RECURSION = YES;
				CLANG_WARN_INT_CONVERSION = YES;
				CLANG_WARN_NON_LITERAL_NULL_CONVERSION = YES;
				CLANG_WARN_OBJC_IMPLICIT_RETAIN_SELF = YES;
				CLANG_WARN_OBJC_LITERAL_CONVERSION = YES;
				CLANG_WARN_OBJC_ROOT_CLASS = YES_ERROR;
				CLANG_WARN_RANGE_LOOP_ANALYSIS = YES;
				CLANG_WARN_STRICT_PROTOTYPES = YES;
				CLANG_WARN_SUSPICIOUS_MOVE = YES;
				CLANG_WARN_UNGUARDED_AVAILABILITY = YES_AGGRESSIVE;
				CLANG_WARN_UNREACHABLE_CODE = YES;
				CLANG_WARN__DUPLICATE_METHOD_MATCH = YES;
				COPY_PHASE_STRIP = NO;
				DEBUG_INFORMATION_FORMAT = "dwarf-with-dsym";
				ENABLE_NS_ASSERTIONS = NO;
				ENABLE_STRICT_OBJC_MSGSEND = YES;
				GCC_C_LANGUAGE_STANDARD = gnu11;
				GCC_NO_COMMON_BLOCKS = YES;
				GCC_WARN_64_TO_32_BIT_CONVERSION = YES;
				GCC_WARN_ABOUT_RETURN_TYPE = YES_ERROR;
				GCC_WARN_UNDECLARED_SELECTOR = YES;
				GCC_WARN_UNINITIALIZED_AUTOS = YES_AGGRESSIVE;
				GCC_WARN_UNUSED_FUNCTION = YES;
				GCC_WARN_UNUSED_VARIABLE = YES;
				IPHONEOS_DEPLOYMENT_TARGET = 13.2;
				MTL_ENABLE_DEBUG_INFO = NO;
				MTL_FAST_MATH = YES;
				SDKROOT = iphoneos;
				SWIFT_COMPILATION_MODE = wholemodule;
				SWIFT_OPTIMIZATION_LEVEL = "-O";
				VALIDATE_PRODUCT = YES;
			};
			name = Release;
		};
		7251348923EAF519002D37CA /* Debug */ = {
			isa = XCBuildConfiguration;
			buildSettings = {
				ASSETCATALOG_COMPILER_APPICON_NAME = AppIcon;
				CODE_SIGN_STYLE = Automatic;
				DEVELOPMENT_TEAM = M94AKK69S5;
				INFOPLIST_FILE = ToDo/Info.plist;
				LD_RUNPATH_SEARCH_PATHS = (
					"$(inherited)",
					"@executable_path/Frameworks",
				);
				PRODUCT_BUNDLE_IDENTIFIER = com.kazuaki.tcu.ToDo;
				PRODUCT_NAME = "$(TARGET_NAME)";
				SWIFT_VERSION = 5.0;
				TARGETED_DEVICE_FAMILY = 1;
			};
			name = Debug;
		};
		7251348A23EAF519002D37CA /* Release */ = {
			isa = XCBuildConfiguration;
			buildSettings = {
				ASSETCATALOG_COMPILER_APPICON_NAME = AppIcon;
				CODE_SIGN_STYLE = Automatic;
				DEVELOPMENT_TEAM = M94AKK69S5;
				INFOPLIST_FILE = ToDo/Info.plist;
				LD_RUNPATH_SEARCH_PATHS = (
					"$(inherited)",
					"@executable_path/Frameworks",
				);
				PRODUCT_BUNDLE_IDENTIFIER = com.kazuaki.tcu.ToDo;
				PRODUCT_NAME = "$(TARGET_NAME)";
				SWIFT_VERSION = 5.0;
				TARGETED_DEVICE_FAMILY = 1;
			};
			name = Release;
		};
		7251348C23EAF519002D37CA /* Debug */ = {
			isa = XCBuildConfiguration;
			buildSettings = {
				ALWAYS_EMBED_SWIFT_STANDARD_LIBRARIES = YES;
				BUNDLE_LOADER = "$(TEST_HOST)";
				CODE_SIGN_STYLE = Automatic;
				DEVELOPMENT_TEAM = M94AKK69S5;
				INFOPLIST_FILE = ToDoTests/Info.plist;
				IPHONEOS_DEPLOYMENT_TARGET = 13.2;
				LD_RUNPATH_SEARCH_PATHS = (
					"$(inherited)",
					"@executable_path/Frameworks",
					"@loader_path/Frameworks",
				);
				PRODUCT_BUNDLE_IDENTIFIER = com.kazuaki.tcu.ToDoTests;
				PRODUCT_NAME = "$(TARGET_NAME)";
				SWIFT_VERSION = 5.0;
				TARGETED_DEVICE_FAMILY = "1,2";
				TEST_HOST = "$(BUILT_PRODUCTS_DIR)/ToDo.app/ToDo";
			};
			name = Debug;
		};
		7251348D23EAF519002D37CA /* Release */ = {
			isa = XCBuildConfiguration;
			buildSettings = {
				ALWAYS_EMBED_SWIFT_STANDARD_LIBRARIES = YES;
				BUNDLE_LOADER = "$(TEST_HOST)";
				CODE_SIGN_STYLE = Automatic;
				DEVELOPMENT_TEAM = M94AKK69S5;
				INFOPLIST_FILE = ToDoTests/Info.plist;
				IPHONEOS_DEPLOYMENT_TARGET = 13.2;
				LD_RUNPATH_SEARCH_PATHS = (
					"$(inherited)",
					"@executable_path/Frameworks",
					"@loader_path/Frameworks",
				);
				PRODUCT_BUNDLE_IDENTIFIER = com.kazuaki.tcu.ToDoTests;
				PRODUCT_NAME = "$(TARGET_NAME)";
				SWIFT_VERSION = 5.0;
				TARGETED_DEVICE_FAMILY = "1,2";
				TEST_HOST = "$(BUILT_PRODUCTS_DIR)/ToDo.app/ToDo";
			};
			name = Release;
		};
		7251348F23EAF519002D37CA /* Debug */ = {
			isa = XCBuildConfiguration;
			buildSettings = {
				ALWAYS_EMBED_SWIFT_STANDARD_LIBRARIES = YES;
				CODE_SIGN_STYLE = Automatic;
				DEVELOPMENT_TEAM = M94AKK69S5;
				INFOPLIST_FILE = ToDoUITests/Info.plist;
				LD_RUNPATH_SEARCH_PATHS = (
					"$(inherited)",
					"@executable_path/Frameworks",
					"@loader_path/Frameworks",
				);
				PRODUCT_BUNDLE_IDENTIFIER = com.kazuaki.tcu.ToDoUITests;
				PRODUCT_NAME = "$(TARGET_NAME)";
				SWIFT_VERSION = 5.0;
				TARGETED_DEVICE_FAMILY = "1,2";
				TEST_TARGET_NAME = ToDo;
			};
			name = Debug;
		};
		7251349023EAF519002D37CA /* Release */ = {
			isa = XCBuildConfiguration;
			buildSettings = {
				ALWAYS_EMBED_SWIFT_STANDARD_LIBRARIES = YES;
				CODE_SIGN_STYLE = Automatic;
				DEVELOPMENT_TEAM = M94AKK69S5;
				INFOPLIST_FILE = ToDoUITests/Info.plist;
				LD_RUNPATH_SEARCH_PATHS = (
					"$(inherited)",
					"@executable_path/Frameworks",
					"@loader_path/Frameworks",
				);
				PRODUCT_BUNDLE_IDENTIFIER = com.kazuaki.tcu.ToDoUITests;
				PRODUCT_NAME = "$(TARGET_NAME)";
				SWIFT_VERSION = 5.0;
				TARGETED_DEVICE_FAMILY = "1,2";
				TEST_TARGET_NAME = ToDo;
			};
			name = Release;
		};
/* End XCBuildConfiguration section */

/* Begin XCConfigurationList section */
		7251345623EAF50E002D37CA /* Build configuration list for PBXProject "ToDo" */ = {
			isa = XCConfigurationList;
			buildConfigurations = (
				7251348623EAF519002D37CA /* Debug */,
				7251348723EAF519002D37CA /* Release */,
			);
			defaultConfigurationIsVisible = 0;
			defaultConfigurationName = Release;
		};
		7251348823EAF519002D37CA /* Build configuration list for PBXNativeTarget "ToDo" */ = {
			isa = XCConfigurationList;
			buildConfigurations = (
				7251348923EAF519002D37CA /* Debug */,
				7251348A23EAF519002D37CA /* Release */,
			);
			defaultConfigurationIsVisible = 0;
			defaultConfigurationName = Release;
		};
		7251348B23EAF519002D37CA /* Build configuration list for PBXNativeTarget "ToDoTests" */ = {
			isa = XCConfigurationList;
			buildConfigurations = (
				7251348C23EAF519002D37CA /* Debug */,
				7251348D23EAF519002D37CA /* Release */,
			);
			defaultConfigurationIsVisible = 0;
			defaultConfigurationName = Release;
		};
		7251348E23EAF519002D37CA /* Build configuration list for PBXNativeTarget "ToDoUITests" */ = {
			isa = XCConfigurationList;
			buildConfigurations = (
				7251348F23EAF519002D37CA /* Debug */,
				7251349023EAF519002D37CA /* Release */,
			);
			defaultConfigurationIsVisible = 0;
			defaultConfigurationName = Release;
		};
/* End XCConfigurationList section */

/* Begin XCVersionGroup section */
		7251346723EAF50E002D37CA /* ToDo.xcdatamodeld */ = {
			isa = XCVersionGroup;
			children = (
				7251346823EAF50E002D37CA /* ToDo.xcdatamodel */,
			);
			currentVersion = 7251346823EAF50E002D37CA /* ToDo.xcdatamodel */;
			path = ToDo.xcdatamodeld;
			sourceTree = "<group>";
			versionGroupType = wrapper.xcdatamodel;
		};
/* End XCVersionGroup section */
	};
	rootObject = 7251345323EAF50E002D37CA /* Project object */;
}
